
Microsoft Visual Studio Solution File, Format Version 12.00
# Visual Studio Version 16
VisualStudioVersion = 16.0.29613.14
MinimumVisualStudioVersion = 10.0.40219.1
Project("{8BC9CEB8-8B4A-11D0-8D11-00A0C91BC942}") = "ced", "ced\ced.vcxproj", "{BB20B515-38FA-435D-BD67-0C9EE67AB7D9}"
EndProject
Project("{8BC9CEB8-8B4A-11D0-8D11-00A0C91BC942}") = "ced_demo_00", "ced_demo_00\ced_demo_00.vcxproj", "{1FBC1700-443D-4E91-B31E-1D2C803F474F}"
	ProjectSection(ProjectDependencies) = postProject
		{BB20B515-38FA-435D-BD67-0C9EE67AB7D9} = {BB20B515-38FA-435D-BD67-0C9EE67AB7D9}
	EndProjectSection
EndProject
Project("{8BC9CEB8-8B4A-11D0-8D11-00A0C91BC942}") = "ced_demo_01", "ced_demo_01\ced_demo_01.vcxproj", "{AB264D24-F704-4F89-9ADA-C96200B3F78D}"
	ProjectSection(ProjectDependencies) = postProject
		{BB20B515-38FA-435D-BD67-0C9EE67AB7D9} = {BB20B515-38FA-435D-BD67-0C9EE67AB7D9}
	EndProjectSection
EndProject
Project("{8BC9CEB8-8B4A-11D0-8D11-00A0C91BC942}") = "ced_demo_02", "ced_demo_02\ced_demo_02.vcxproj", "{15A52004-B89B-4C53-B4DF-DAC27A21F872}"
	ProjectSection(ProjectDependencies) = postProject
		{BB20B515-38FA-435D-BD67-0C9EE67AB7D9} = {BB20B515-38FA-435D-BD67-0C9EE67AB7D9}
	EndProjectSection
EndProject
Project("{8BC9CEB8-8B4A-11D0-8D11-00A0C91BC942}") = "ced_demo_03", "ced_demo_03\ced_demo_03.vcxproj", "{DE083924-28A2-4F65-B5A2-AE2CE44E04CB}"
	ProjectSection(ProjectDependencies) = postProject
		{BB20B515-38FA-435D-BD67-0C9EE67AB7D9} = {BB20B515-38FA-435D-BD67-0C9EE67AB7D9}
	EndProjectSection
EndProject
Project("{8BC9CEB8-8B4A-11D0-8D11-00A0C91BC942}") = "ced_demo_04", "ced_demo_04\ced_demo_04.vcxproj", "{491A6DC2-EAC9-4F18-AFA4-3555BA29CD41}"
	ProjectSection(ProjectDependencies) = postProject
		{BB20B515-38FA-435D-BD67-0C9EE67AB7D9} = {BB20B515-38FA-435D-BD67-0C9EE67AB7D9}
	EndProjectSection
EndProject
Project("{8BC9CEB8-8B4A-11D0-8D11-00A0C91BC942}") = "ced_demo_05", "ced_demo_05\ced_demo_05.vcxproj", "{80AADCDD-6452-4650-8028-E112FF65458C}"
	ProjectSection(ProjectDependencies) = postProject
		{BB20B515-38FA-435D-BD67-0C9EE67AB7D9} = {BB20B515-38FA-435D-BD67-0C9EE67AB7D9}
	EndProjectSection
EndProject
Project("{8BC9CEB8-8B4A-11D0-8D11-00A0C91BC942}") = "ced_demo_06", "ced_demo_06\ced_demo_06.vcxproj", "{2C530367-B4CD-457B-97C7-D2EE5D848460}"
EndProject
Global
	GlobalSection(SolutionConfigurationPlatforms) = preSolution
		Debug|x64 = Debug|x64
		Debug|x86 = Debug|x86
		Release|x64 = Release|x64
		Release|x86 = Release|x86
	EndGlobalSection
	GlobalSection(ProjectConfigurationPlatforms) = postSolution
		{BB20B515-38FA-435D-BD67-0C9EE67AB7D9}.Debug|x64.ActiveCfg = Debug|x64
		{BB20B515-38FA-435D-BD67-0C9EE67AB7D9}.Debug|x64.Build.0 = Debug|x64
		{BB20B515-38FA-435D-BD67-0C9EE67AB7D9}.Debug|x86.ActiveCfg = Debug|Win32
		{BB20B515-38FA-435D-BD67-0C9EE67AB7D9}.Debug|x86.Build.0 = Debug|Win32
		{BB20B515-38FA-435D-BD67-0C9EE67AB7D9}.Release|x64.ActiveCfg = Release|x64
		{BB20B515-38FA-435D-BD67-0C9EE67AB7D9}.Release|x64.Build.0 = Release|x64
		{BB20B515-38FA-435D-BD67-0C9EE67AB7D9}.Release|x86.ActiveCfg = Release|Win32
		{BB20B515-38FA-435D-BD67-0C9EE67AB7D9}.Release|x86.Build.0 = Release|Win32
		{1FBC1700-443D-4E91-B31E-1D2C803F474F}.Debug|x64.ActiveCfg = Debug|x64
		{1FBC1700-443D-4E91-B31E-1D2C803F474F}.Debug|x64.Build.0 = Debug|x64
		{1FBC1700-443D-4E91-B31E-1D2C803F474F}.Debug|x86.ActiveCfg = Debug|Win32
		{1FBC1700-443D-4E91-B31E-1D2C803F474F}.Debug|x86.Build.0 = Debug|Win32
		{1FBC1700-443D-4E91-B31E-1D2C803F474F}.Release|x64.ActiveCfg = Release|x64
		{1FBC1700-443D-4E91-B31E-1D2C803F474F}.Release|x64.Build.0 = Release|x64
		{1FBC1700-443D-4E91-B31E-1D2C803F474F}.Release|x86.ActiveCfg = Release|Win32
		{1FBC1700-443D-4E91-B31E-1D2C803F474F}.Release|x86.Build.0 = Release|Win32
		{AB264D24-F704-4F89-9ADA-C96200B3F78D}.Debug|x64.ActiveCfg = Debug|x64
		{AB264D24-F704-4F89-9ADA-C96200B3F78D}.Debug|x64.Build.0 = Debug|x64
		{AB264D24-F704-4F89-9ADA-C96200B3F78D}.Debug|x86.ActiveCfg = Debug|Win32
		{AB264D24-F704-4F89-9ADA-C96200B3F78D}.Debug|x86.Build.0 = Debug|Win32
		{AB264D24-F704-4F89-9ADA-C96200B3F78D}.Release|x64.ActiveCfg = Release|x64
		{AB264D24-F704-4F89-9ADA-C96200B3F78D}.Release|x64.Build.0 = Release|x64
		{AB264D24-F704-4F89-9ADA-C96200B3F78D}.Release|x86.ActiveCfg = Release|Win32
		{AB264D24-F704-4F89-9ADA-C96200B3F78D}.Release|x86.Build.0 = Release|Win32
		{15A52004-B89B-4C53-B4DF-DAC27A21F872}.Debug|x64.ActiveCfg = Debug|x64
		{15A52004-B89B-4C53-B4DF-DAC27A21F872}.Debug|x64.Build.0 = Debug|x64
		{15A52004-B89B-4C53-B4DF-DAC27A21F872}.Debug|x86.ActiveCfg = Debug|Win32
		{15A52004-B89B-4C53-B4DF-DAC27A21F872}.Debug|x86.Build.0 = Debug|Win32
		{15A52004-B89B-4C53-B4DF-DAC27A21F872}.Release|x64.ActiveCfg = Release|x64
		{15A52004-B89B-4C53-B4DF-DAC27A21F872}.Release|x64.Build.0 = Release|x64
		{15A52004-B89B-4C53-B4DF-DAC27A21F872}.Release|x86.ActiveCfg = Release|Win32
		{15A52004-B89B-4C53-B4DF-DAC27A21F872}.Release|x86.Build.0 = Release|Win32
		{DE083924-28A2-4F65-B5A2-AE2CE44E04CB}.Debug|x64.ActiveCfg = Debug|x64
		{DE083924-28A2-4F65-B5A2-AE2CE44E04CB}.Debug|x64.Build.0 = Debug|x64
		{DE083924-28A2-4F65-B5A2-AE2CE44E04CB}.Debug|x86.ActiveCfg = Debug|Win32
		{DE083924-28A2-4F65-B5A2-AE2CE44E04CB}.Debug|x86.Build.0 = Debug|Win32
		{DE083924-28A2-4F65-B5A2-AE2CE44E04CB}.Release|x64.ActiveCfg = Release|x64
		{DE083924-28A2-4F65-B5A2-AE2CE44E04CB}.Release|x64.Build.0 = Release|x64
		{DE083924-28A2-4F65-B5A2-AE2CE44E04CB}.Release|x86.ActiveCfg = Release|Win32
		{DE083924-28A2-4F65-B5A2-AE2CE44E04CB}.Release|x86.Build.0 = Release|Win32
		{491A6DC2-EAC9-4F18-AFA4-3555BA29CD41}.Debug|x64.ActiveCfg = Debug|x64
		{491A6DC2-EAC9-4F18-AFA4-3555BA29CD41}.Debug|x64.Build.0 = Debug|x64
		{491A6DC2-EAC9-4F18-AFA4-3555BA29CD41}.Debug|x86.ActiveCfg = Debug|Win32
		{491A6DC2-EAC9-4F18-AFA4-3555BA29CD41}.Debug|x86.Build.0 = Debug|Win32
		{491A6DC2-EAC9-4F18-AFA4-3555BA29CD41}.Release|x64.ActiveCfg = Release|x64
		{491A6DC2-EAC9-4F18-AFA4-3555BA29CD41}.Release|x64.Build.0 = Release|x64
		{491A6DC2-EAC9-4F18-AFA4-3555BA29CD41}.Release|x86.ActiveCfg = Release|Win32
		{491A6DC2-EAC9-4F18-AFA4-3555BA29CD41}.Release|x86.Build.0 = Release|Win32
		{80AADCDD-6452-4650-8028-E112FF65458C}.Debug|x64.ActiveCfg = Debug|x64
		{80AADCDD-6452-4650-8028-E112FF65458C}.Debug|x64.Build.0 = Debug|x64
		{80AADCDD-6452-4650-8028-E112FF65458C}.Debug|x86.ActiveCfg = Debug|Win32
		{80AADCDD-6452-4650-8028-E112FF65458C}.Debug|x86.Build.0 = Debug|Win32
		{80AADCDD-6452-4650-8028-E112FF65458C}.Release|x64.ActiveCfg = Release|x64
		{80AADCDD-6452-4650-8028-E112FF65458C}.Release|x64.Build.0 = Release|x64
		{80AADCDD-6452-4650-8028-E112FF65458C}.Release|x86.ActiveCfg = Release|Win32
		{80AADCDD-6452-4650-8028-E112FF65458C}.Release|x86.Build.0 = Release|Win32
		{2C530367-B4CD-457B-97C7-D2EE5D848460}.Debug|x64.ActiveCfg = Debug|x64
		{2C530367-B4CD-457B-97C7-D2EE5D848460}.Debug|x64.Build.0 = Debug|x64
		{2C530367-B4CD-457B-97C7-D2EE5D848460}.Debug|x86.ActiveCfg = Debug|Win32
		{2C530367-B4CD-457B-97C7-D2EE5D848460}.Debug|x86.Build.0 = Debug|Win32
		{2C530367-B4CD-457B-97C7-D2EE5D848460}.Release|x64.ActiveCfg = Release|x64
		{2C530367-B4CD-457B-97C7-D2EE5D848460}.Release|x64.Build.0 = Release|x64
		{2C530367-B4CD-457B-97C7-D2EE5D848460}.Release|x86.ActiveCfg = Release|Win32
		{2C530367-B4CD-457B-97C7-D2EE5D848460}.Release|x86.Build.0 = Release|Win32
	EndGlobalSection
	GlobalSection(SolutionProperties) = preSolution
		HideSolutionNode = FALSE
	EndGlobalSection
	GlobalSection(ExtensibilityGlobals) = postSolution
		SolutionGuid = {7C8362F9-1BF3-4A67-9033-775E55B35C3C}
	EndGlobalSection
EndGlobal
